// !$*UTF8*$!
{
	archiveVersion = 1;
	classes = {
	};
	objectVersion = 48;
	objects = {

/* Begin PBXBuildFile section */
		E482A27A1FCF81D600369FDF /* AppDelegate.swift in Sources */ = {isa = PBXBuildFile; fileRef = E482A2791FCF81D600369FDF /* AppDelegate.swift */; };
		E482A27F1FCF81D600369FDF /* Main.storyboard in Resources */ = {isa = PBXBuildFile; fileRef = E482A27D1FCF81D600369FDF /* Main.storyboard */; };
		E482A2811FCF81D600369FDF /* Assets.xcassets in Resources */ = {isa = PBXBuildFile; fileRef = E482A2801FCF81D600369FDF /* Assets.xcassets */; };
		E482A2841FCF81D600369FDF /* LaunchScreen.storyboard in Resources */ = {isa = PBXBuildFile; fileRef = E482A2821FCF81D600369FDF /* LaunchScreen.storyboard */; };
		E482A28E1FCF882400369FDF /* FavouritesList.swift in Sources */ = {isa = PBXBuildFile; fileRef = E482A28D1FCF882400369FDF /* FavouritesList.swift */; };
/* End PBXBuildFile section */

/* Begin PBXFileReference section */
		E482A2761FCF81D600369FDF /* MAPD714-F2017-Lesson9.app */ = {isa = PBXFileReference; explicitFileType = wrapper.application; includeInIndex = 0; path = "MAPD714-F2017-Lesson9.app"; sourceTree = BUILT_PRODUCTS_DIR; };
		E482A2791FCF81D600369FDF /* AppDelegate.swift */ = {isa = PBXFileReference; lastKnownFileType = sourcecode.swift; path = AppDelegate.swift; sourceTree = "<group>"; };
		E482A27E1FCF81D600369FDF /* Base */ = {isa = PBXFileReference; lastKnownFileType = file.storyboard; name = Base; path = Base.lproj/Main.storyboard; sourceTree = "<group>"; };
		E482A2801FCF81D600369FDF /* Assets.xcassets */ = {isa = PBXFileReference; lastKnownFileType = folder.assetcatalog; path = Assets.xcassets; sourceTree = "<group>"; };
		E482A2831FCF81D600369FDF /* Base */ = {isa = PBXFileReference; lastKnownFileType = file.storyboard; name = Base; path = Base.lproj/LaunchScreen.storyboard; sourceTree = "<group>"; };
		E482A2851FCF81D600369FDF /* Info.plist */ = {isa = PBXFileReference; lastKnownFileType = text.plist.xml; path = Info.plist; sourceTree = "<group>"; };
		E482A28D1FCF882400369FDF /* FavouritesList.swift */ = {isa = PBXFileReference; lastKnownFileType = sourcecode.swift; path = FavouritesList.swift; sourceTree = "<group>"; };
/* End PBXFileReference section */

/* Begin PBXFrameworksBuildPhase section */
		E482A2731FCF81D600369FDF /* Frameworks */ = {
			isa = PBXFrameworksBuildPhase;
			buildActionMask = 2147483647;
			files = (
			);
			runOnlyForDeploymentPostprocessing = 0;
		};
/* End PBXFrameworksBuildPhase section */

/* Begin PBXGroup section */
		E482A26D1FCF81D600369FDF = {
			isa = PBXGroup;
			children = (
				E482A2781FCF81D600369FDF /* MAPD714-F2017-Lesson9 */,
				E482A2771FCF81D600369FDF /* Products */,
			);
			sourceTree = "<group>";
		};
		E482A2771FCF81D600369FDF /* Products */ = {
			isa = PBXGroup;
			children = (
				E482A2761FCF81D600369FDF /* MAPD714-F2017-Lesson9.app */,
			);
			name = Products;
			sourceTree = "<group>";
		};
		E482A2781FCF81D600369FDF /* MAPD714-F2017-Lesson9 */ = {
			isa = PBXGroup;
			children = (
				E482A2791FCF81D600369FDF /* AppDelegate.swift */,
				E482A27D1FCF81D600369FDF /* Main.storyboard */,
				E482A2801FCF81D600369FDF /* Assets.xcassets */,
				E482A2821FCF81D600369FDF /* LaunchScreen.storyboard */,
				E482A2851FCF81D600369FDF /* Info.plist */,
				E482A28D1FCF882400369FDF /* FavouritesList.swift */,
			);
			path = "MAPD714-F2017-Lesson9";
			sourceTree = "<group>";
		};
/* End PBXGroup section */

/* Begin PBXNativeTarget section */
		E482A2751FCF81D600369FDF /* MAPD714-F2017-Lesson9 */ = {
			isa = PBXNativeTarget;
			buildConfigurationList = E482A2881FCF81D600369FDF /* Build configuration list for PBXNativeTarget "MAPD714-F2017-Lesson9" */;
			buildPhases = (
				E482A2721FCF81D600369FDF /* Sources */,
				E482A2731FCF81D600369FDF /* Frameworks */,
				E482A2741FCF81D600369FDF /* Resources */,
			);
			buildRules = (
			);
			dependencies = (
			);
			name = "MAPD714-F2017-Lesson9";
			productName = "MAPD714-F2017-Lesson9";
			productReference = E482A2761FCF81D600369FDF /* MAPD714-F2017-Lesson9.app */;
			productType = "com.apple.product-type.application";
		};
/* End PBXNativeTarget section */

/* Begin PBXProject section */
		E482A26E1FCF81D600369FDF /* Project object */ = {
			isa = PBXProject;
			attributes = {
				LastSwiftUpdateCheck = 0910;
				LastUpgradeCheck = 0910;
				ORGANIZATIONNAME = "Centennial College";
				TargetAttributes = {
					E482A2751FCF81D600369FDF = {
						CreatedOnToolsVersion = 9.1;
						ProvisioningStyle = Automatic;
					};
				};
			};
			buildConfigurationList = E482A2711FCF81D600369FDF /* Build configuration list for PBXProject "MAPD714-F2017-Lesson9" */;
			compatibilityVersion = "Xcode 8.0";
			developmentRegion = en;
			hasScannedForEncodings = 0;
			knownRegions = (
				en,
				Base,
			);
			mainGroup = E482A26D1FCF81D600369FDF;
			productRefGroup = E482A2771FCF81D600369FDF /* Products */;
			projectDirPath = "";
			projectRoot = "";
			targets = (
				E482A2751FCF81D600369FDF /* MAPD714-F2017-Lesson9 */,
			);
		};
/* End PBXProject section */

/* Begin PBXResourcesBuildPhase section */
		E482A2741FCF81D600369FDF /* Resources */ = {
			isa = PBXResourcesBuildPhase;
			buildActionMask = 2147483647;
			files = (
				E482A2841FCF81D600369FDF /* LaunchScreen.storyboard in Resources */,
				E482A2811FCF81D600369FDF /* Assets.xcassets in Resources */,
				E482A27F1FCF81D600369FDF /* Main.storyboard in Resources */,
			);
			runOnlyForDeploymentPostprocessing = 0;
		};
/* End PBXResourcesBuildPhase section */

/* Begin PBXSourcesBuildPhase section */
		E482A2721FCF81D600369FDF /* Sources */ = {
			isa = PBXSourcesBuildPhase;
			buildActionMask = 2147483647;
			files = (
				E482A27A1FCF81D600369FDF /* AppDelegate.swift in Sources */,
				E482A28E1FCF882400369FDF /* FavouritesList.swift in Sources */,
			);
			runOnlyForDeploymentPostprocessing = 0;
		};
/* End PBXSourcesBuildPhase section */

/* Begin PBXVariantGroup section */
		E482A27D1FCF81D600369FDF /* Main.storyboard */ = {
			isa = PBXVariantGroup;
			children = (
				E482A27E1FCF81D600369FDF /* Base */,
			);
			name = Main.storyboard;
			sourceTree = "<group>";
		};
		E482A2821FCF81D600369FDF /* LaunchScreen.storyboard */ = {
			isa = PBXVariantGroup;
			children = (
				E482A2831FCF81D600369FDF /* Base */,
			);
			name = LaunchScreen.storyboard;
			sourceTree = "<group>";
		};
/* End PBXVariantGroup section */

/* Begin XCBuildConfiguration section */
		E482A2861FCF81D600369FDF /* Debug */ = {
			isa = XCBuildConfiguration;
			buildSettings = {
				ALWAYS_SEARCH_USER_PATHS = NO;
				CLANG_ANALYZER_NONNULL = YES;
				CLANG_ANALYZER_NUMBER_OBJECT_CONVERSION = YES_AGGRESSIVE;
				CLANG_CXX_LANGUAGE_STANDARD = "gnu++14";
				CLANG_CXX_LIBRARY = "libc++";
				CLANG_ENABLE_MODULES = YES;
				CLANG_ENABLE_OBJC_ARC = YES;
				CLANG_WARN_BLOCK_CAPTURE_AUTORELEASING = YES;
				CLANG_WARN_BOOL_CONVERSION = YES;
				CLANG_WARN_COMMA = YES;
				CLANG_WARN_CONSTANT_CONVERSION = YES;
				CLANG_WARN_DIRECT_OBJC_ISA_USAGE = YES_ERROR;
				CLANG_WARN_DOCUMENTATION_COMMENTS = YES;
				CLANG_WARN_EMPTY_BODY = YES;
				CLANG_WARN_ENUM_CONVERSION = YES;
				CLANG_WARN_INFINITE_RECURSION = YES;
				CLANG_WARN_INT_CONVERSION = YES;
				CLANG_WARN_NON_LITERAL_NULL_CONVERSION = YES;
				CLANG_WARN_OBJC_LITERAL_CONVERSION = YES;
				CLANG_WARN_OBJC_ROOT_CLASS = YES_ERROR;
				CLANG_WARN_RANGE_LOOP_ANALYSIS = YES;
				CLANG_WARN_STRICT_PROTOTYPES = YES;
				CLANG_WARN_SUSPICIOUS_MOVE = YES;
				CLANG_WARN_UNGUARDED_AVAILABILITY = YES_AGGRESSIVE;
				CLANG_WARN_UNREACHABLE_CODE = YES;
				CLANG_WARN__DUPLICATE_METHOD_MATCH = YES;
				CODE_SIGN_IDENTITY = "iPhone Developer";
				COPY_PHASE_STRIP = NO;
				DEBUG_INFORMATION_FORMAT = dwarf;
				ENABLE_STRICT_OBJC_MSGSEND = YES;
				ENABLE_TESTABILITY = YES;
				GCC_C_LANGUAGE_STANDARD = gnu11;
				GCC_DYNAMIC_NO_PIC = NO;
				GCC_NO_COMMON_BLOCKS = YES;
				GCC_OPTIMIZATION_LEVEL = 0;
				GCC_PREPROCESSOR_DEFINITIONS = (
					"DEBUG=1",
					"$(inherited)",
				);
				GCC_WARN_64_TO_32_BIT_CONVERSION = YES;
				GCC_WARN_ABOUT_RETURN_TYPE = YES_ERROR;
				GCC_WARN_UNDECLARED_SELECTOR = YES;
				GCC_WARN_UNINITIALIZED_AUTOS = YES_AGGRESSIVE;
				GCC_WARN_UNUSED_FUNCTION = YES;
				GCC_WARN_UNUSED_VARIABLE = YES;
				IPHONEOS_DEPLOYMENT_TARGET = 11.1;
				MTL_ENABLE_DEBUG_INFO = YES;
				ONLY_ACTIVE_ARCH = YES;
				SDKROOT = iphoneos;
				SWIFT_ACTIVE_COMPILATION_CONDITIONS = DEBUG;
				SWIFT_OPTIMIZATION_LEVEL = "-Onone";
			};
			name = Debug;
		};
		E482A2871FCF81D600369FDF /* Release */ = {
			isa = XCBuildConfiguration;
			buildSettings = {
				ALWAYS_SEARCH_USER_PATHS = NO;
				CLANG_ANALYZER_NONNULL = YES;
				CLANG_ANALYZER_NUMBER_OBJECT_CONVERSION = YES_AGGRESSIVE;
				CLANG_CXX_LANGUAGE_STANDARD = "gnu++14";
				CLANG_CXX_LIBRARY = "libc++";
				CLANG_ENABLE_MODULES = YES;
				CLANG_ENABLE_OBJC_ARC = YES;
				CLANG_WARN_BLOCK_CAPTURE_AUTORELEASING = YES;
				CLANG_WARN_BOOL_CONVERSION = YES;
				CLANG_WARN_COMMA = YES;
				CLANG_WARN_CONSTANT_CONVERSION = YES;
				CLANG_WARN_DIRECT_OBJC_ISA_USAGE = YES_ERROR;
				CLANG_WARN_DOCUMENTATION_COMMENTS = YES;
				CLANG_WARN_EMPTY_BODY = YES;
				CLANG_WARN_ENUM_CONVERSION = YES;
				CLANG_WARN_INFINITE_RECURSION = YES;
				CLANG_WARN_INT_CONVERSION = YES;
				CLANG_WARN_NON_LITERAL_NULL_CONVERSION = YES;
				CLANG_WARN_OBJC_LITERAL_CONVERSION = YES;
				CLANG_WARN_OBJC_ROOT_CLASS = YES_ERROR;
				CLANG_WARN_RANGE_LOOP_ANALYSIS = YES;
				CLANG_WARN_STRICT_PROTOTYPES = YES;
				CLANG_WARN_SUSPICIOUS_MOVE = YES;
				CLANG_WARN_UNGUARDED_AVAILABILITY = YES_AGGRESSIVE;
				CLANG_WARN_UNREACHABLE_CODE = YES;
				CLANG_WARN__DUPLICATE_METHOD_MATCH = YES;
				CODE_SIGN_IDENTITY = "iPhone Developer";
				COPY_PHASE_STRIP = NO;
				DEBUG_INFORMATION_FORMAT = "dwarf-with-dsym";
				ENABLE_NS_ASSERTIONS = NO;
				ENABLE_STRICT_OBJC_MSGSEND = YES;
				GCC_C_LANGUAGE_STANDARD = gnu11;
				GCC_NO_COMMON_BLOCKS = YES;
				GCC_WARN_64_TO_32_BIT_CONVERSION = YES;
				GCC_WARN_ABOUT_RETURN_TYPE = YES_ERROR;
				GCC_WARN_UNDECLARED_SELECTOR = YES;
				GCC_WARN_UNINITIALIZED_AUTOS = YES_AGGRESSIVE;
				GCC_WARN_UNUSED_FUNCTION = YES;
				GCC_WARN_UNUSED_VARIABLE = YES;
				IPHONEOS_DEPLOYMENT_TARGET = 11.1;
				MTL_ENABLE_DEBUG_INFO = NO;
				SDKROOT = iphoneos;
				SWIFT_OPTIMIZATION_LEVEL = "-Owholemodule";
				VALIDATE_PRODUCT = YES;
			};
			name = Release;
		};
		E482A2891FCF81D600369FDF /* Debug */ = {
			isa = XCBuildConfiguration;
			buildSettings = {
				ASSETCATALOG_COMPILER_APPICON_NAME = AppIcon;
				CODE_SIGN_STYLE = Automatic;
				DEVELOPMENT_TEAM = 2BULHRS882;
				INFOPLIST_FILE = "MAPD714-F2017-Lesson9/Info.plist";
				LD_RUNPATH_SEARCH_PATHS = "$(inherited) @executable_path/Frameworks";
				PRODUCT_BUNDLE_IDENTIFIER = "ca.centennialcollege.MAPD714-F2017-Lesson9";
				PRODUCT_NAME = "$(TARGET_NAME)";
				SWIFT_VERSION = 4.0;
				TARGETED_DEVICE_FAMILY = "1,2";
			};
			name = Debug;
		};
		E482A28A1FCF81D600369FDF /* Release */ = {
			isa = XCBuildConfiguration;
			buildSettings = {
				ASSETCATALOG_COMPILER_APPICON_NAME = AppIcon;
				CODE_SIGN_STYLE = Automatic;
				DEVELOPMENT_TEAM = 2BULHRS882;
				INFOPLIST_FILE = "MAPD714-F2017-Lesson9/Info.plist";
				LD_RUNPATH_SEARCH_PATHS = "$(inherited) @executable_path/Frameworks";
				PRODUCT_BUNDLE_IDENTIFIER = "ca.centennialcollege.MAPD714-F2017-Lesson9";
				PRODUCT_NAME = "$(TARGET_NAME)";
				SWIFT_VERSION = 4.0;
				TARGETED_DEVICE_FAMILY = "1,2";
			};
			name = Release;
		};
/* End XCBuildConfiguration section */

/* Begin XCConfigurationList section */
		E482A2711FCF81D600369FDF /* Build configuration list for PBXProject "MAPD714-F2017-Lesson9" */ = {
			isa = XCConfigurationList;
			buildConfigurations = (
				E482A2861FCF81D600369FDF /* Debug */,
				E482A2871FCF81D600369FDF /* Release */,
			);
			defaultConfigurationIsVisible = 0;
			defaultConfigurationName = Release;
		};
		E482A2881FCF81D600369FDF /* Build configuration list for PBXNativeTarget "MAPD714-F2017-Lesson9" */ = {
			isa = XCConfigurationList;
			buildConfigurations = (
				E482A2891FCF81D600369FDF /* Debug */,
				E482A28A1FCF81D600369FDF /* Release */,
			);
			defaultConfigurationIsVisible = 0;
			defaultConfigurationName = Release;
		};
/* End XCConfigurationList section */
	};
	rootObject = E482A26E1FCF81D600369FDF /* Project object */;
}
